{
    "name": "redux-offline-intensive",
    "version": "3.1.0",
    "lockfileVersion": 1,
    "requires": true,
    "dependencies": {
        "@babel/runtime": {
            "version": "7.12.5",
            "resolved": "https://registry.npmjs.org/@babel/runtime/-/runtime-7.12.5.tgz",
            "integrity": "sha512-plcc+hbExy3McchJCEQG3knOsuh3HH+Prx1P6cLIkET/0dLuQDEnrT+s27Axgc9bqfsmNUNHfscgMUdBpC9xfg==",
            "requires": {
                "regenerator-runtime": "^0.13.4"
            }
        },
        "after": {
            "version": "0.8.2",
            "resolved": "https://registry.npmjs.org/after/-/after-0.8.2.tgz",
            "integrity": "sha1-/ts5T58OAqqXaOcCvaI7UF+ufh8="
        },
        "arraybuffer.slice": {
            "version": "0.0.7",
            "resolved": "https://registry.npmjs.org/arraybuffer.slice/-/arraybuffer.slice-0.0.7.tgz",
            "integrity": "sha512-wGUIVQXuehL5TCqQun8OW81jGzAWycqzFF8lFp+GOM5BXLYj3bKNsYC4daB7n6XjCqxQA/qgTJ+8ANR3acjrog=="
        },
        "asap": {
            "version": "2.0.6",
            "resolved": "https://registry.npmjs.org/asap/-/asap-2.0.6.tgz",
            "integrity": "sha1-5QNHYR1+aQlDIIu9r+vLwvuGbUY="
        },
        "async-limiter": {
            "version": "1.0.1",
            "resolved": "https://registry.npmjs.org/async-limiter/-/async-limiter-1.0.1.tgz",
            "integrity": "sha512-csOlWGAcRFJaI6m+F2WKdnMKr4HhdhFVBk0H/QbJFMCr+uO2kwohwXQPxw/9OCxp05r5ghVBFSyioixx3gfkNQ=="
        },
        "backo2": {
            "version": "1.0.2",
            "resolved": "https://registry.npmjs.org/backo2/-/backo2-1.0.2.tgz",
            "integrity": "sha1-MasayLEpNjRj41s+u2n038+6eUc="
        },
        "base64-arraybuffer": {
            "version": "0.1.5",
            "resolved": "https://registry.npmjs.org/base64-arraybuffer/-/base64-arraybuffer-0.1.5.tgz",
            "integrity": "sha1-c5JncZI7Whl0etZmqlzUv5xunOg="
        },
        "better-assert": {
            "version": "1.0.2",
            "resolved": "https://registry.npmjs.org/better-assert/-/better-assert-1.0.2.tgz",
            "integrity": "sha1-QIZrnhueC1W0gYlDEeaPr/rrxSI=",
            "requires": {
                "callsite": "1.0.0"
            }
        },
        "blob": {
            "version": "0.0.5",
            "resolved": "https://registry.npmjs.org/blob/-/blob-0.0.5.tgz",
            "integrity": "sha512-gaqbzQPqOoamawKg0LGVd7SzLgXS+JH61oWprSLH+P+abTczqJbhTR8CmJ2u9/bUYNmHTGJx/UEmn6doAvvuig=="
        },
        "callsite": {
            "version": "1.0.0",
            "resolved": "https://registry.npmjs.org/callsite/-/callsite-1.0.0.tgz",
            "integrity": "sha1-KAOY5dZkvXQDi28JBRU+borxvCA="
        },
        "classnames": {
            "version": "2.2.6",
            "resolved": "https://registry.npmjs.org/classnames/-/classnames-2.2.6.tgz",
            "integrity": "sha512-JR/iSQOSt+LQIWwrwEzJ9uk0xfN3mTVYMwt1Ir5mUcSN6pU+V4zQFFaJsclJbPuAUQH+yfWef6tm7l1quW3C8Q=="
        },
        "component-bind": {
            "version": "1.0.0",
            "resolved": "https://registry.npmjs.org/component-bind/-/component-bind-1.0.0.tgz",
            "integrity": "sha1-AMYIq33Nk4l8AAllGx06jh5zu9E="
        },
        "component-emitter": {
            "version": "1.2.1",
            "resolved": "https://registry.npmjs.org/component-emitter/-/component-emitter-1.2.1.tgz",
            "integrity": "sha1-E3kY1teCg/ffemt8WmPhQOaUJeY="
        },
        "component-inherit": {
            "version": "0.0.3",
            "resolved": "https://registry.npmjs.org/component-inherit/-/component-inherit-0.0.3.tgz",
            "integrity": "sha1-ZF/ErfWLcrZJ1crmUTVhnbJv8UM="
        },
        "connected-react-router": {
            "version": "4.5.0",
            "resolved": "https://registry.npmjs.org/connected-react-router/-/connected-react-router-4.5.0.tgz",
            "integrity": "sha512-SBBmAZrtmw4y7Rkl2PCct8lN/DuCftl7QSAFLgFyjjuYkeJKAzAvQjzNNNE4R3j2+6a4TUiv8qselxQ4+6H5eA==",
            "requires": {
                "immutable": "^3.8.1",
                "redux-seamless-immutable": "^0.4.0",
                "seamless-immutable": "^7.1.3"
            },
            "dependencies": {
                "immutable": {
                    "version": "3.8.2",
                    "resolved": "https://registry.npmjs.org/immutable/-/immutable-3.8.2.tgz",
                    "integrity": "sha1-wkOZUUVbs5kT2vKBN28VMOEErfM="
                }
            }
        },
        "core-js": {
            "version": "1.2.7",
            "resolved": "https://registry.npmjs.org/core-js/-/core-js-1.2.7.tgz",
            "integrity": "sha1-ZSKUwUZR2yj6k70tX/KYOk8IxjY="
        },
        "create-react-context": {
            "version": "0.2.3",
            "resolved": "https://registry.npmjs.org/create-react-context/-/create-react-context-0.2.3.tgz",
            "integrity": "sha512-CQBmD0+QGgTaxDL3OX1IDXYqjkp2It4RIbcb99jS6AEg27Ga+a9G3JtK6SIu0HBwPLZlmwt9F7UwWA4Bn92Rag==",
            "requires": {
                "fbjs": "^0.8.0",
                "gud": "^1.0.0"
            }
        },
        "debug": {
            "version": "3.1.0",
            "resolved": "https://registry.npmjs.org/debug/-/debug-3.1.0.tgz",
            "integrity": "sha512-OX8XqP7/1a9cqkxYw2yXss15f26NKWBpDXQd0/uK/KPqdQhxbPa994hnzjcE2VqQpDslf55723cKPUOGSmMY3g==",
            "requires": {
                "ms": "2.0.0"
            }
        },
        "deep-diff": {
            "version": "0.3.8",
            "resolved": "https://registry.npmjs.org/deep-diff/-/deep-diff-0.3.8.tgz",
            "integrity": "sha1-wB3mPvsO7JeYgB1Ax+Da4ltYLIQ="
        },
        "deepmerge": {
            "version": "2.2.1",
            "resolved": "https://registry.npmjs.org/deepmerge/-/deepmerge-2.2.1.tgz",
            "integrity": "sha512-R9hc1Xa/NOBi9WRVUWg19rl1UB7Tt4kuPd+thNJgFZoxXsTz7ncaPaeIm+40oSGuP33DfMb4sZt1QIGiJzC4EA=="
        },
        "dom-helpers": {
            "version": "3.4.0",
            "resolved": "https://registry.npmjs.org/dom-helpers/-/dom-helpers-3.4.0.tgz",
            "integrity": "sha512-LnuPJ+dwqKDIyotW1VzmOZ5TONUN7CwkCR5hrgawTUbkBGYdeoNLZo6nNfGkCrjtE1nXXaj7iMMpDa8/d9WoIA==",
            "requires": {
                "@babel/runtime": "^7.1.2"
            }
        },
        "encoding": {
            "version": "0.1.13",
            "resolved": "https://registry.npmjs.org/encoding/-/encoding-0.1.13.tgz",
            "integrity": "sha512-ETBauow1T35Y/WZMkio9jiM0Z5xjHHmJ4XmjZOq1l/dXz3lr2sRn87nJy20RupqSh1F2m3HHPSp8ShIPQJrJ3A==",
            "requires": {
                "iconv-lite": "^0.6.2"
            }
        },
        "engine.io-client": {
            "version": "3.2.1",
            "resolved": "https://registry.npmjs.org/engine.io-client/-/engine.io-client-3.2.1.tgz",
            "integrity": "sha512-y5AbkytWeM4jQr7m/koQLc5AxpRKC1hEVUb/s1FUAWEJq5AzJJ4NLvzuKPuxtDi5Mq755WuDvZ6Iv2rXj4PTzw==",
            "requires": {
                "component-emitter": "1.2.1",
                "component-inherit": "0.0.3",
                "debug": "~3.1.0",
                "engine.io-parser": "~2.1.1",
                "has-cors": "1.1.0",
                "indexof": "0.0.1",
                "parseqs": "0.0.5",
                "parseuri": "0.0.5",
                "ws": "~3.3.1",
                "xmlhttprequest-ssl": "~1.5.4",
                "yeast": "0.1.2"
            }
        },
        "engine.io-parser": {
            "version": "2.1.3",
            "resolved": "https://registry.npmjs.org/engine.io-parser/-/engine.io-parser-2.1.3.tgz",
            "integrity": "sha512-6HXPre2O4Houl7c4g7Ic/XzPnHBvaEmN90vtRO9uLmwtRqQmTOw0QMevL1TOfL2Cpu1VzsaTmMotQgMdkzGkVA==",
            "requires": {
                "after": "0.8.2",
                "arraybuffer.slice": "~0.0.7",
                "base64-arraybuffer": "0.1.5",
                "blob": "0.0.5",
                "has-binary2": "~1.0.2"
            }
        },
        "fbjs": {
            "version": "0.8.17",
            "resolved": "https://registry.npmjs.org/fbjs/-/fbjs-0.8.17.tgz",
            "integrity": "sha1-xNWY6taUkRJlPWWIsBpc3Nn5D90=",
            "requires": {
                "core-js": "^1.0.0",
                "isomorphic-fetch": "^2.1.1",
                "loose-envify": "^1.0.0",
                "object-assign": "^4.1.0",
                "promise": "^7.1.1",
                "setimmediate": "^1.0.5",
                "ua-parser-js": "^0.7.18"
            }
        },
        "fn-name": {
            "version": "2.0.1",
            "resolved": "https://registry.npmjs.org/fn-name/-/fn-name-2.0.1.tgz",
            "integrity": "sha1-UhTXU3pNBqSjAcDMJi/rhBiAAuc="
        },
        "formik": {
            "version": "1.3.1",
            "resolved": "https://registry.npmjs.org/formik/-/formik-1.3.1.tgz",
            "integrity": "sha512-cOTpwP4vy8bj7HhEGC2IWFFhsztBlZOJoTRgGa64NxcM30rV15ub5nTliQA3Vs8vqWSlGEc6k67SR8YZIV7pew==",
            "requires": {
                "create-react-context": "^0.2.2",
                "deepmerge": "^2.1.1",
                "hoist-non-react-statics": "^2.5.5",
                "lodash.clonedeep": "^4.5.0",
                "lodash.topath": "4.5.2",
                "prop-types": "^15.6.1",
                "react-fast-compare": "^1.0.0",
                "tslib": "^1.9.3",
                "warning": "^3.0.0"
            }
        },
        "gsap": {
            "version": "2.0.2",
            "resolved": "https://registry.npmjs.org/gsap/-/gsap-2.0.2.tgz",
            "integrity": "sha512-WyT0uuDNb+5xMccx4SsVcI1CwvIL0BPgP8TyJJmMWT/btGXUNtKesnkXFMMshYs37renFhDo1P5NEoizeonviQ=="
        },
        "gud": {
            "version": "1.0.0",
            "resolved": "https://registry.npmjs.org/gud/-/gud-1.0.0.tgz",
            "integrity": "sha512-zGEOVKFM5sVPPrYs7J5/hYEw2Pof8KCyOwyhG8sAF26mCAeUFAcYPu1mwB7hhpIP29zOIBaDqwuHdLp0jvZXjw=="
        },
        "has-binary2": {
            "version": "1.0.3",
            "resolved": "https://registry.npmjs.org/has-binary2/-/has-binary2-1.0.3.tgz",
            "integrity": "sha512-G1LWKhDSvhGeAQ8mPVQlqNcOB2sJdwATtZKl2pDKKHfpf/rYj24lkinxf69blJbnsvtqqNU+L3SL50vzZhXOnw==",
            "requires": {
                "isarray": "2.0.1"
            },
            "dependencies": {
                "isarray": {
                    "version": "2.0.1",
                    "resolved": "https://registry.npmjs.org/isarray/-/isarray-2.0.1.tgz",
                    "integrity": "sha1-o32U7ZzaLVmGXJ92/llu4fM4dB4="
                }
            }
        },
        "has-cors": {
            "version": "1.1.0",
            "resolved": "https://registry.npmjs.org/has-cors/-/has-cors-1.1.0.tgz",
            "integrity": "sha1-XkdHk/fqmEPRu5nCPu9J/xJv/zk="
        },
        "history": {
            "version": "4.7.2",
            "resolved": "https://registry.npmjs.org/history/-/history-4.7.2.tgz",
            "integrity": "sha512-1zkBRWW6XweO0NBcjiphtVJVsIQ+SXF29z9DVkceeaSLVMFXHool+fdCZD4spDCfZJCILPILc3bm7Bc+HRi0nA==",
            "requires": {
                "invariant": "^2.2.1",
                "loose-envify": "^1.2.0",
                "resolve-pathname": "^2.2.0",
                "value-equal": "^0.4.0",
                "warning": "^3.0.0"
            }
        },
        "hoist-non-react-statics": {
            "version": "2.5.5",
            "resolved": "https://registry.npmjs.org/hoist-non-react-statics/-/hoist-non-react-statics-2.5.5.tgz",
            "integrity": "sha512-rqcy4pJo55FTTLWt+bU8ukscqHeE/e9KWvsOW2b/a3afxQZhwkQdT1rPPCJ0rYXdj4vNcasY8zHTH+jF/qStxw=="
        },
        "icepick": {
            "version": "1.3.0",
            "resolved": "https://registry.npmjs.org/icepick/-/icepick-1.3.0.tgz",
            "integrity": "sha1-5JQoQu2Pnud419149+NmJ/Sf2u8="
        },
        "iconv-lite": {
            "version": "0.6.2",
            "resolved": "https://registry.npmjs.org/iconv-lite/-/iconv-lite-0.6.2.tgz",
            "integrity": "sha512-2y91h5OpQlolefMPmUlivelittSWy0rP+oYVpn6A7GwVHNE8AWzoYOBNmlwks3LobaJxgHCYZAnyNo2GgpNRNQ==",
            "requires": {
                "safer-buffer": ">= 2.1.2 < 3.0.0"
            }
        },
        "immutable": {
            "version": "4.0.0-rc.9",
            "resolved": "https://registry.npmjs.org/immutable/-/immutable-4.0.0-rc.9.tgz",
            "integrity": "sha512-uw4u9Jy3G2Y1qkIFtEGy9NgJxFJT1l3HKgeSFHfrvy91T8W54cJoQ+qK3fTwhil8XkEHuc2S+MI+fbD0vKObDA=="
        },
        "indexof": {
            "version": "0.0.1",
            "resolved": "https://registry.npmjs.org/indexof/-/indexof-0.0.1.tgz",
            "integrity": "sha1-gtwzbSMrkGIXnQWrMpOmYFn9Q10="
        },
        "invariant": {
            "version": "2.2.4",
            "resolved": "https://registry.npmjs.org/invariant/-/invariant-2.2.4.tgz",
            "integrity": "sha512-phJfQVBuaJM5raOpJjSfkiD6BpbCE4Ns//LaXl6wGYtUBY83nWS6Rf9tXm2e8VaK60JEjYldbPif/A2B1C2gNA==",
            "requires": {
                "loose-envify": "^1.0.0"
            }
        },
        "is-stream": {
            "version": "1.1.0",
            "resolved": "https://registry.npmjs.org/is-stream/-/is-stream-1.1.0.tgz",
            "integrity": "sha1-EtSj3U5o4Lec6428hBc66A2RykQ="
        },
        "isarray": {
            "version": "0.0.1",
            "resolved": "https://registry.npmjs.org/isarray/-/isarray-0.0.1.tgz",
            "integrity": "sha1-ihis/Kmo9Bd+Cav8YDiTmwXR7t8="
        },
        "isomorphic-fetch": {
            "version": "2.2.1",
            "resolved": "https://registry.npmjs.org/isomorphic-fetch/-/isomorphic-fetch-2.2.1.tgz",
            "integrity": "sha1-YRrhrPFPXoH3KVB0coGf6XM1WKk=",
            "requires": {
                "node-fetch": "^1.0.1",
                "whatwg-fetch": ">=0.10.0"
            }
        },
        "js-tokens": {
            "version": "4.0.0",
            "resolved": "https://registry.npmjs.org/js-tokens/-/js-tokens-4.0.0.tgz",
            "integrity": "sha512-RdJUflcE3cUzKiMqQgsCu06FPu9UdIJO0beYbPhHN4k6apgJtifcoCtT9bcxOpYBtpD2kCM6Sbzg4CausW/PKQ=="
        },
        "lodash": {
            "version": "4.17.20",
            "resolved": "https://registry.npmjs.org/lodash/-/lodash-4.17.20.tgz",
            "integrity": "sha512-PlhdFcillOINfeV7Ni6oF1TAEayyZBoZ8bcshTHqOYJYlrqzRK5hagpagky5o4HfCzzd1TRkXPMFq6cKk9rGmA=="
        },
        "lodash-es": {
            "version": "4.17.20",
            "resolved": "https://registry.npmjs.org/lodash-es/-/lodash-es-4.17.20.tgz",
            "integrity": "sha512-JD1COMZsq8maT6mnuz1UMV0jvYD0E0aUsSOdrr1/nAG3dhqQXwRRgeW0cSqH1U43INKcqxaiVIQNOUDld7gRDA=="
        },
        "lodash.clonedeep": {
            "version": "4.5.0",
            "resolved": "https://registry.npmjs.org/lodash.clonedeep/-/lodash.clonedeep-4.5.0.tgz",
            "integrity": "sha1-4j8/nE+Pvd6HJSnBBxhXoIblzO8="
        },
        "lodash.get": {
            "version": "4.4.2",
            "resolved": "https://registry.npmjs.org/lodash.get/-/lodash.get-4.4.2.tgz",
            "integrity": "sha1-LRd/ZS+jHpObRDjVNBSZ36OCXpk="
        },
        "lodash.topath": {
            "version": "4.5.2",
            "resolved": "https://registry.npmjs.org/lodash.topath/-/lodash.topath-4.5.2.tgz",
            "integrity": "sha1-NhY1Hzu6YZlKCTGYlmC9AyVP0Ak="
        },
        "loose-envify": {
            "version": "1.4.0",
            "resolved": "https://registry.npmjs.org/loose-envify/-/loose-envify-1.4.0.tgz",
            "integrity": "sha512-lyuxPGr/Wfhrlem2CL/UcnUc1zcqKAImBDzukY7Y5F/yQiNdko6+fRLevlw1HgMySw7f611UIY408EtxRSoK3Q==",
            "requires": {
                "js-tokens": "^3.0.0 || ^4.0.0"
            }
        },
        "moment": {
            "version": "2.22.2",
            "resolved": "https://registry.npmjs.org/moment/-/moment-2.22.2.tgz",
            "integrity": "sha1-PCV/mDn8DpP/UxSWMiOeuQeD/2Y="
        },
        "ms": {
            "version": "2.0.0",
            "resolved": "https://registry.npmjs.org/ms/-/ms-2.0.0.tgz",
            "integrity": "sha1-VgiurfwAvmwpAd9fmGF4jeDVl8g="
        },
        "node-fetch": {
            "version": "1.7.3",
            "resolved": "https://registry.npmjs.org/node-fetch/-/node-fetch-1.7.3.tgz",
            "integrity": "sha512-NhZ4CsKx7cYm2vSrBAr2PvFOe6sWDf0UYLRqA6svUYg7+/TSfVAu49jYC4BvQ4Sms9SZgdqGBgroqfDhJdTyKQ==",
            "requires": {
                "encoding": "^0.1.11",
                "is-stream": "^1.0.1"
            }
        },
        "object-assign": {
            "version": "4.1.1",
            "resolved": "https://registry.npmjs.org/object-assign/-/object-assign-4.1.1.tgz",
            "integrity": "sha1-IQmtx5ZYh8/AXLvUQsrIv7s2CGM="
        },
        "object-component": {
            "version": "0.0.3",
            "resolved": "https://registry.npmjs.org/object-component/-/object-component-0.0.3.tgz",
            "integrity": "sha1-8MaapQ78lbhmwYb0AKM3acsvEpE="
        },
        "parseqs": {
            "version": "0.0.5",
            "resolved": "https://registry.npmjs.org/parseqs/-/parseqs-0.0.5.tgz",
            "integrity": "sha1-1SCKNzjkZ2bikbouoXNoSSGouJ0=",
            "requires": {
                "better-assert": "~1.0.0"
            }
        },
        "parseuri": {
            "version": "0.0.5",
            "resolved": "https://registry.npmjs.org/parseuri/-/parseuri-0.0.5.tgz",
            "integrity": "sha1-gCBKUNTbt3m/3G6+J3jZDkvOMgo=",
            "requires": {
                "better-assert": "~1.0.0"
            }
        },
        "path-to-regexp": {
            "version": "1.8.0",
            "resolved": "https://registry.npmjs.org/path-to-regexp/-/path-to-regexp-1.8.0.tgz",
            "integrity": "sha512-n43JRhlUKUAlibEJhPeir1ncUID16QnEjNpwzNdO3Lm4ywrBpBZ5oLD0I6br9evr1Y9JTqwRtAh7JLoOzAQdVA==",
            "requires": {
                "isarray": "0.0.1"
            }
        },
        "promise": {
            "version": "7.3.1",
            "resolved": "https://registry.npmjs.org/promise/-/promise-7.3.1.tgz",
            "integrity": "sha512-nolQXZ/4L+bP/UGlkfaIujX9BKxGwmQ9OT4mOt5yvy8iK1h3wqTEJCijzGANTCCl9nWjY41juyAn2K3Q1hLLTg==",
            "requires": {
                "asap": "~2.0.3"
            }
        },
        "prop-types": {
            "version": "15.7.2",
            "resolved": "https://registry.npmjs.org/prop-types/-/prop-types-15.7.2.tgz",
            "integrity": "sha512-8QQikdH7//R2vurIJSutZ1smHYTcLpRWEOlHnzcWHmBYrOGUysKwSsrC89BCiFj3CbrfJ/nXFdJepOVrY1GCHQ==",
            "requires": {
                "loose-envify": "^1.4.0",
                "object-assign": "^4.1.1",
                "react-is": "^16.8.1"
            }
        },
        "property-expr": {
            "version": "1.5.1",
            "resolved": "https://registry.npmjs.org/property-expr/-/property-expr-1.5.1.tgz",
            "integrity": "sha512-CGuc0VUTGthpJXL36ydB6jnbyOf/rAHFvmVrJlH+Rg0DqqLFQGAP6hIaxD/G0OAmBJPhXDHuEJigrp0e0wFV6g=="
        },
        "react": {
            "version": "16.5.2",
            "resolved": "https://registry.npmjs.org/react/-/react-16.5.2.tgz",
            "integrity": "sha512-FDCSVd3DjVTmbEAjUNX6FgfAmQ+ypJfHUsqUJOYNCBUp1h8lqmtC+0mXJ+JjsWx4KAVTkk1vKd1hLQPvEviSuw==",
            "requires": {
                "loose-envify": "^1.1.0",
                "object-assign": "^4.1.1",
                "prop-types": "^15.6.2",
                "schedule": "^0.5.0"
            }
        },
        "react-dom": {
            "version": "16.5.2",
            "resolved": "https://registry.npmjs.org/react-dom/-/react-dom-16.5.2.tgz",
            "integrity": "sha512-RC8LDw8feuZOHVgzEf7f+cxBr/DnKdqp56VU0lAs1f4UfKc4cU8wU4fTq/mgnvynLQo8OtlPC19NUFh/zjZPuA==",
            "requires": {
                "loose-envify": "^1.1.0",
                "object-assign": "^4.1.1",
                "prop-types": "^15.6.2",
                "schedule": "^0.5.0"
            }
        },
        "react-fast-compare": {
            "version": "1.0.0",
            "resolved": "https://registry.npmjs.org/react-fast-compare/-/react-fast-compare-1.0.0.tgz",
            "integrity": "sha512-dcQpdWr62flXQJuM8/bVEY5/10ad2SYBUafp8H4q4WHR3fTA/MMlp8mpzX12I0CCoEJc1P6QdiMg7U+7lFS6Rw=="
        },
        "react-flip-move": {
            "version": "3.0.3",
            "resolved": "https://registry.npmjs.org/react-flip-move/-/react-flip-move-3.0.3.tgz",
            "integrity": "sha512-gR2jvjUgIXI7ceFWJkr8owX4vKhV0IJoXIf/Dt7gESFe5OKiSz2H6d10mKTW8fN134NDI16J4HgEgq9pKqJd5A=="
        },
        "react-is": {
            "version": "16.13.1",
            "resolved": "https://registry.npmjs.org/react-is/-/react-is-16.13.1.tgz",
            "integrity": "sha512-24e6ynE2H+OKt4kqsOvNd8kBpV65zoxbA4BVsEOB3ARVWQki/DHzaUoC5KuON/BiccDaCCTZBuOcfZs70kR8bQ=="
        },
        "react-lifecycles-compat": {
            "version": "3.0.4",
            "resolved": "https://registry.npmjs.org/react-lifecycles-compat/-/react-lifecycles-compat-3.0.4.tgz",
            "integrity": "sha512-fBASbA6LnOU9dOU2eW7aQ8xmYBSXUIWr+UmF9b1efZBazGNO+rcXT/icdKnYm2pTwcRylVUYwW7H1PHfLekVzA=="
        },
        "react-native-segmented-control-tab": {
            "version": "3.4.1",
            "resolved": "https://registry.npmjs.org/react-native-segmented-control-tab/-/react-native-segmented-control-tab-3.4.1.tgz",
            "integrity": "sha512-BNPdlE9Unr0Xabewn8W+FhBMLjssXy9Ey7S7AY0hXlrKrEKFdC9z0yT+eEWd5dLam4T6T4IuGL8b7ZF4uGyWNw=="
        },
        "react-redux": {
            "version": "5.0.7",
            "resolved": "https://registry.npmjs.org/react-redux/-/react-redux-5.0.7.tgz",
            "integrity": "sha512-5VI8EV5hdgNgyjfmWzBbdrqUkrVRKlyTKk1sGH3jzM2M2Mhj/seQgPXaz6gVAj2lz/nz688AdTqMO18Lr24Zhg==",
            "requires": {
                "hoist-non-react-statics": "^2.5.0",
                "invariant": "^2.0.0",
                "lodash": "^4.17.5",
                "lodash-es": "^4.17.5",
                "loose-envify": "^1.1.0",
                "prop-types": "^15.6.0"
            }
        },
        "react-redux-form": {
            "version": "1.16.10",
            "resolved": "https://registry.npmjs.org/react-redux-form/-/react-redux-form-1.16.10.tgz",
            "integrity": "sha512-1pj8o5uC8Gk1KGiNntaSdJ+LJVgIPVMxIZAuavro4FwwnYMpVX0lZuoQc0Imb0AvmMC2H/sU5U7mcFRtwQbYQA==",
            "requires": {
                "icepick": "^1.1.0",
                "invariant": "~2.2.1",
                "lodash.get": "~4.4.2",
                "lodash.topath": "~4.5.2",
                "prop-types": "^15.5.6",
                "react-native-segmented-control-tab": "^3.2.1",
                "shallow-compare": "^1.2.1"
            }
        },
        "react-router": {
            "version": "4.3.1",
            "resolved": "https://registry.npmjs.org/react-router/-/react-router-4.3.1.tgz",
            "integrity": "sha512-yrvL8AogDh2X42Dt9iknk4wF4V8bWREPirFfS9gLU1huk6qK41sg7Z/1S81jjTrGHxa3B8R3J6xIkDAA6CVarg==",
            "requires": {
                "history": "^4.7.2",
                "hoist-non-react-statics": "^2.5.0",
                "invariant": "^2.2.4",
                "loose-envify": "^1.3.1",
                "path-to-regexp": "^1.7.0",
                "prop-types": "^15.6.1",
                "warning": "^4.0.1"
            },
            "dependencies": {
                "warning": {
                    "version": "4.0.3",
                    "resolved": "https://registry.npmjs.org/warning/-/warning-4.0.3.tgz",
                    "integrity": "sha512-rpJyN222KWIvHJ/F53XSZv0Zl/accqHR8et1kpaMTD/fLCRxtV8iX8czMzY7sVZupTI3zcUTg8eycS2kNF9l6w==",
                    "requires": {
                        "loose-envify": "^1.0.0"
                    }
                }
            }
        },
        "react-router-dom": {
            "version": "4.3.1",
            "resolved": "https://registry.npmjs.org/react-router-dom/-/react-router-dom-4.3.1.tgz",
            "integrity": "sha512-c/MlywfxDdCp7EnB7YfPMOfMD3tOtIjrQlj/CKfNMBxdmpJP8xcz5P/UAFn3JbnQCNUxsHyVVqllF9LhgVyFCA==",
            "requires": {
                "history": "^4.7.2",
                "invariant": "^2.2.4",
                "loose-envify": "^1.3.1",
                "prop-types": "^15.6.1",
                "react-router": "^4.3.1",
                "warning": "^4.0.1"
            },
            "dependencies": {
                "warning": {
                    "version": "4.0.3",
                    "resolved": "https://registry.npmjs.org/warning/-/warning-4.0.3.tgz",
                    "integrity": "sha512-rpJyN222KWIvHJ/F53XSZv0Zl/accqHR8et1kpaMTD/fLCRxtV8iX8czMzY7sVZupTI3zcUTg8eycS2kNF9l6w==",
                    "requires": {
                        "loose-envify": "^1.0.0"
                    }
                }
            }
        },
        "react-router-redux": {
            "version": "4.0.8",
            "resolved": "https://registry.npmjs.org/react-router-redux/-/react-router-redux-4.0.8.tgz",
            "integrity": "sha1-InQDWWtRUeGCN32rg1tdRfD4BU4="
        },
        "react-transition-group": {
            "version": "2.5.0",
            "resolved": "https://registry.npmjs.org/react-transition-group/-/react-transition-group-2.5.0.tgz",
            "integrity": "sha512-qYB3JBF+9Y4sE4/Mg/9O6WFpdoYjeeYqx0AFb64PTazVy8RPMiE3A47CG9QmM4WJ/mzDiZYslV+Uly6O1Erlgw==",
            "requires": {
                "dom-helpers": "^3.3.1",
                "loose-envify": "^1.4.0",
                "prop-types": "^15.6.2",
                "react-lifecycles-compat": "^3.0.4"
            }
        },
        "redux": {
            "version": "4.0.1",
            "resolved": "https://registry.npmjs.org/redux/-/redux-4.0.1.tgz",
            "integrity": "sha512-R7bAtSkk7nY6O/OYMVR9RiBI+XghjF9rlbl5806HJbQph0LJVHZrU5oaO4q70eUKiqMRqm4y07KLTlMZ2BlVmg==",
            "requires": {
                "loose-envify": "^1.4.0",
                "symbol-observable": "^1.2.0"
            }
        },
        "redux-logger": {
            "version": "3.0.6",
            "resolved": "https://registry.npmjs.org/redux-logger/-/redux-logger-3.0.6.tgz",
            "integrity": "sha1-91VZZvMJjzyIYExEnPC69XeCdL8=",
            "requires": {
                "deep-diff": "^0.3.5"
            }
        },
        "redux-saga": {
            "version": "0.16.2",
            "resolved": "https://registry.npmjs.org/redux-saga/-/redux-saga-0.16.2.tgz",
            "integrity": "sha512-iIjKnRThI5sKPEASpUvySemjzwqwI13e3qP7oLub+FycCRDysLSAOwt958niZW6LhxfmS6Qm1BzbU70w/Koc4w=="
        },
        "redux-seamless-immutable": {
            "version": "0.4.0",
            "resolved": "https://registry.npmjs.org/redux-seamless-immutable/-/redux-seamless-immutable-0.4.0.tgz",
            "integrity": "sha512-/oS3fhrize9D3RSHemgJxVllohybRrad5IjccotFy8Ni4IKAPTtX1mqszpiCIl12+7v0dNqBpq6ES6R236AliQ==",
            "requires": {
                "react-router-redux": "^4.0.0",
                "seamless-immutable": "^7.1.2"
            }
        },
        "redux-thunk": {
            "version": "2.3.0",
            "resolved": "https://registry.npmjs.org/redux-thunk/-/redux-thunk-2.3.0.tgz",
            "integrity": "sha512-km6dclyFnmcvxhAcrQV2AkZmPQjzPDjgVlQtR0EQjxZPyJ0BnMf3in1ryuR8A2qU0HldVRfxYXbFSKlI3N7Slw=="
        },
        "regenerator-runtime": {
            "version": "0.13.7",
            "resolved": "https://registry.npmjs.org/regenerator-runtime/-/regenerator-runtime-0.13.7.tgz",
            "integrity": "sha512-a54FxoJDIr27pgf7IgeQGxmqUNYrcV338lf/6gH456HZ/PhX+5BcwHXG9ajESmwe6WRO0tAzRUrRmNONWgkrew=="
        },
        "resolve-pathname": {
            "version": "2.2.0",
            "resolved": "https://registry.npmjs.org/resolve-pathname/-/resolve-pathname-2.2.0.tgz",
            "integrity": "sha512-bAFz9ld18RzJfddgrO2e/0S2O81710++chRMUxHjXOYKF6jTAMrUNZrEZ1PvV0zlhfjidm08iRPdTLPno1FuRg=="
        },
        "safe-buffer": {
            "version": "5.1.2",
            "resolved": "https://registry.npmjs.org/safe-buffer/-/safe-buffer-5.1.2.tgz",
            "integrity": "sha512-Gd2UZBJDkXlY7GbJxfsE8/nvKkUEU1G38c1siN6QP6a9PT9MmHB8GnpscSmMJSoF8LOIrt8ud/wPtojys4G6+g=="
        },
        "safer-buffer": {
            "version": "2.1.2",
            "resolved": "https://registry.npmjs.org/safer-buffer/-/safer-buffer-2.1.2.tgz",
            "integrity": "sha512-YZo3K82SD7Riyi0E1EQPojLz7kpepnSQI9IyPbHHg1XXXevb5dJI7tpyN2ADxGcQbHG7vcyRHk0cbwqcQriUtg=="
        },
        "sanitize.css": {
            "version": "8.0.0",
            "resolved": "https://registry.npmjs.org/sanitize.css/-/sanitize.css-8.0.0.tgz",
            "integrity": "sha512-Ru+piIyTyioaaOj/pbJEo57lMXV70FV07AslpZ8K2Me8B2021v2Nx0Wq5hf29/fNwdjsXLdTbf4Ypmk24PnPtQ=="
        },
        "schedule": {
            "version": "0.5.0",
            "resolved": "https://registry.npmjs.org/schedule/-/schedule-0.5.0.tgz",
            "integrity": "sha512-HUcJicG5Ou8xfR//c2rPT0lPIRR09vVvN81T9fqfVgBmhERUbDEQoYKjpBxbueJnCPpSu2ujXzOnRQt6x9o/jw==",
            "requires": {
                "object-assign": "^4.1.1"
            }
        },
        "seamless-immutable": {
            "version": "7.1.4",
            "resolved": "https://registry.npmjs.org/seamless-immutable/-/seamless-immutable-7.1.4.tgz",
            "integrity": "sha512-XiUO1QP4ki4E2PHegiGAlu6r82o5A+6tRh7IkGGTVg/h+UoeX4nFBeCGPOhb4CYjvkqsfm/TUtvOMYC1xmV30A=="
        },
        "setimmediate": {
            "version": "1.0.5",
            "resolved": "https://registry.npmjs.org/setimmediate/-/setimmediate-1.0.5.tgz",
            "integrity": "sha1-KQy7Iy4waULX1+qbg3Mqt4VvgoU="
        },
        "shallow-compare": {
            "version": "1.2.2",
            "resolved": "https://registry.npmjs.org/shallow-compare/-/shallow-compare-1.2.2.tgz",
            "integrity": "sha512-LUMFi+RppPlrHzbqmFnINTrazo0lPNwhcgzuAXVVcfy/mqPDrQmHAyz5bvV0gDAuRFrk804V0HpQ6u9sZ0tBeg=="
        },
        "socket.io-client": {
            "version": "2.1.1",
            "resolved": "https://registry.npmjs.org/socket.io-client/-/socket.io-client-2.1.1.tgz",
            "integrity": "sha512-jxnFyhAuFxYfjqIgduQlhzqTcOEQSn+OHKVfAxWaNWa7ecP7xSNk2Dx/3UEsDcY7NcFafxvNvKPmmO7HTwTxGQ==",
            "requires": {
                "backo2": "1.0.2",
                "base64-arraybuffer": "0.1.5",
                "component-bind": "1.0.0",
                "component-emitter": "1.2.1",
                "debug": "~3.1.0",
                "engine.io-client": "~3.2.0",
                "has-binary2": "~1.0.2",
                "has-cors": "1.1.0",
                "indexof": "0.0.1",
                "object-component": "0.0.3",
                "parseqs": "0.0.5",
                "parseuri": "0.0.5",
                "socket.io-parser": "~3.2.0",
                "to-array": "0.1.4"
            }
        },
        "socket.io-parser": {
            "version": "3.2.0",
            "resolved": "https://registry.npmjs.org/socket.io-parser/-/socket.io-parser-3.2.0.tgz",
            "integrity": "sha512-FYiBx7rc/KORMJlgsXysflWx/RIvtqZbyGLlHZvjfmPTPeuD/I8MaW7cfFrj5tRltICJdgwflhfZ3NVVbVLFQA==",
            "requires": {
                "component-emitter": "1.2.1",
                "debug": "~3.1.0",
                "isarray": "2.0.1"
            },
            "dependencies": {
                "isarray": {
                    "version": "2.0.1",
                    "resolved": "https://registry.npmjs.org/isarray/-/isarray-2.0.1.tgz",
                    "integrity": "sha1-o32U7ZzaLVmGXJ92/llu4fM4dB4="
                }
            }
        },
        "symbol-observable": {
            "version": "1.2.0",
            "resolved": "https://registry.npmjs.org/symbol-observable/-/symbol-observable-1.2.0.tgz",
            "integrity": "sha512-e900nM8RRtGhlV36KGEU9k65K3mPb1WV70OdjfxlG2EAuM1noi/E/BaW/uMhL7bPEssK8QV57vN3esixjUvcXQ=="
        },
        "synchronous-promise": {
            "version": "2.0.15",
            "resolved": "https://registry.npmjs.org/synchronous-promise/-/synchronous-promise-2.0.15.tgz",
            "integrity": "sha512-k8uzYIkIVwmT+TcglpdN50pS2y1BDcUnBPK9iJeGu0Pl1lOI8pD6wtzgw91Pjpe+RxtTncw32tLxs/R0yNL2Mg=="
        },
        "to-array": {
            "version": "0.1.4",
            "resolved": "https://registry.npmjs.org/to-array/-/to-array-0.1.4.tgz",
            "integrity": "sha1-F+bBH3PdTz10zaek/zI46a2b+JA="
        },
        "toposort": {
            "version": "2.0.2",
            "resolved": "https://registry.npmjs.org/toposort/-/toposort-2.0.2.tgz",
            "integrity": "sha1-riF2gXXRVZ1IvvNUILL0li8JwzA="
        },
        "tslib": {
            "version": "1.14.1",
            "resolved": "https://registry.npmjs.org/tslib/-/tslib-1.14.1.tgz",
            "integrity": "sha512-Xni35NKzjgMrwevysHTCArtLDpPvye8zV/0E4EyYn43P7/7qvQwPh9BGkHewbMulVntbigmcT7rdX3BNo9wRJg=="
        },
        "ua-parser-js": {
            "version": "0.7.23",
            "resolved": "https://registry.npmjs.org/ua-parser-js/-/ua-parser-js-0.7.23.tgz",
            "integrity": "sha512-m4hvMLxgGHXG3O3fQVAyyAQpZzDOvwnhOTjYz5Xmr7r/+LpkNy3vJXdVRWgd1TkAb7NGROZuSy96CrlNVjA7KA=="
        },
        "ultron": {
            "version": "1.1.1",
            "resolved": "https://registry.npmjs.org/ultron/-/ultron-1.1.1.tgz",
            "integrity": "sha512-UIEXBNeYmKptWH6z8ZnqTeS8fV74zG0/eRU9VGkpzz+LIJNs8W/zM/L+7ctCkRrgbNnnR0xxw4bKOr0cW0N0Og=="
        },
        "uuid": {
            "version": "3.3.2",
            "resolved": "https://registry.npmjs.org/uuid/-/uuid-3.3.2.tgz",
            "integrity": "sha512-yXJmeNaw3DnnKAOKJE51sL/ZaYfWJRl1pK9dr19YFCu0ObS231AB1/LbqTKRAQ5kw8A90rA6fr4riOUpTZvQZA=="
        },
        "value-equal": {
            "version": "0.4.0",
            "resolved": "https://registry.npmjs.org/value-equal/-/value-equal-0.4.0.tgz",
            "integrity": "sha512-x+cYdNnaA3CxvMaTX0INdTCN8m8aF2uY9BvEqmxuYp8bL09cs/kWVQPVGcA35fMktdOsP69IgU7wFj/61dJHEw=="
        },
        "warning": {
            "version": "3.0.0",
            "resolved": "https://registry.npmjs.org/warning/-/warning-3.0.0.tgz",
            "integrity": "sha1-MuU3fLVy3kqwR1O9+IIcAe1gW3w=",
            "requires": {
                "loose-envify": "^1.0.0"
            }
        },
        "whatwg-fetch": {
            "version": "3.5.0",
            "resolved": "https://registry.npmjs.org/whatwg-fetch/-/whatwg-fetch-3.5.0.tgz",
            "integrity": "sha512-jXkLtsR42xhXg7akoDKvKWE40eJeI+2KZqcp2h3NsOrRnDvtWX36KcKl30dy+hxECivdk2BVUHVNrPtoMBUx6A=="
        },
        "ws": {
            "version": "3.3.3",
            "resolved": "https://registry.npmjs.org/ws/-/ws-3.3.3.tgz",
            "integrity": "sha512-nnWLa/NwZSt4KQJu51MYlCcSQ5g7INpOrOMt4XV8j4dqTXdmlUmSHQ8/oLC069ckre0fRsgfvsKwbTdtKLCDkA==",
            "requires": {
                "async-limiter": "~1.0.0",
                "safe-buffer": "~5.1.0",
                "ultron": "~1.1.0"
            }
        },
        "xmlhttprequest-ssl": {
            "version": "1.5.5",
            "resolved": "https://registry.npmjs.org/xmlhttprequest-ssl/-/xmlhttprequest-ssl-1.5.5.tgz",
            "integrity": "sha1-wodrBhaKrcQOV9l+gRkayPQ5iz4="
        },
        "yeast": {
            "version": "0.1.2",
            "resolved": "https://registry.npmjs.org/yeast/-/yeast-0.1.2.tgz",
            "integrity": "sha1-AI4G2AlDIMNy28L47XagymyKxBk="
        },
        "yup": {
            "version": "0.26.6",
            "resolved": "https://registry.npmjs.org/yup/-/yup-0.26.6.tgz",
            "integrity": "sha512-Lfj8pAtQ/cDu/wsCuXt2ArQ0uUO/9nfr+EwlD9oQrWIErtjURjdSXYTS1ycN7T/Ok+IUTy23Tdo6Wo0f/wMMBw==",
            "requires": {
                "@babel/runtime": "7.0.0",
                "fn-name": "~2.0.1",
                "lodash": "^4.17.10",
                "property-expr": "^1.5.0",
                "synchronous-promise": "^2.0.5",
                "toposort": "^2.0.2"
            },
            "dependencies": {
                "@babel/runtime": {
                    "version": "7.0.0",
                    "resolved": "https://registry.npmjs.org/@babel/runtime/-/runtime-7.0.0.tgz",
                    "integrity": "sha512-7hGhzlcmg01CvH1EHdSPVXYX1aJ8KCEyz6I9xYIi/asDtzBPMyMhVibhM/K6g/5qnKBwjZtp10bNZIEFTRW1MA==",
                    "requires": {
                        "regenerator-runtime": "^0.12.0"
                    }
                },
                "regenerator-runtime": {
                    "version": "0.12.1",
                    "resolved": "https://registry.npmjs.org/regenerator-runtime/-/regenerator-runtime-0.12.1.tgz",
                    "integrity": "sha512-odxIc1/vDlo4iZcfXqRYFj0vpXFNoGdKMAUieAlFYO6m/nl5e9KR/beGf41z4a1FI+aQgtjhuaSlDxQ0hmkrHg=="
                }
            }
        }
    }
}
